
Microsoft Visual Studio Solution File, Format Version 12.00
# Visual Studio Version 17
VisualStudioVersion = 17.5.33530.505
MinimumVisualStudioVersion = 10.0.40219.1
Project("{FAE04EC0-301F-11D3-BF4B-00C04F79EFBC}") = "Coletor de Dados", "Coletor de Dados\Coletor de Dados.csproj", "{BEE38AB4-979D-468A-A1EF-E49BCFC1F343}"
EndProject
Global
	GlobalSection(SolutionConfigurationPlatforms) = preSolution
		Debug|Any CPU = Debug|Any CPU
		Release|Any CPU = Release|Any CPU
	EndGlobalSection
	GlobalSection(ProjectConfigurationPlatforms) = postSolution
		{BEE38AB4-979D-468A-A1EF-E49BCFC1F343}.Debug|Any CPU.ActiveCfg = Debug|Any CPU
		{BEE38AB4-979D-468A-A1EF-E49BCFC1F343}.Debug|Any CPU.Build.0 = Debug|Any CPU
		{BEE38AB4-979D-468A-A1EF-E49BCFC1F343}.Release|Any CPU.ActiveCfg = Release|Any CPU
		{BEE38AB4-979D-468A-A1EF-E49BCFC1F343}.Release|Any CPU.Build.0 = Release|Any CPU
	EndGlobalSection
	GlobalSection(SolutionProperties) = preSolution
		HideSolutionNode = FALSE
	EndGlobalSection
	GlobalSection(ExtensibilityGlobals) = postSolution
		SolutionGuid = {BF5629DA-3DF5-4512-9CAD-0715AC20E6F6}
	EndGlobalSection
EndGlobal
